{
  "requires": true,
  "lockfileVersion": 1,
  "dependencies": {
    "@babel/runtime": {
      "version": "7.10.3",
      "resolved": "https://registry.npmjs.org/@babel/runtime/-/runtime-7.10.3.tgz",
      "integrity": "sha512-RzGO0RLSdokm9Ipe/YD+7ww8X2Ro79qiXZF3HU9ljrM+qnJmH1Vqth+hbiQZy761LnMJTMitHDuKVYTk3k4dLw==",
      "requires": {
        "regenerator-runtime": "^0.13.4"
      }
    },
    "neo4j-driver": {
      "version": "4.0.2",
      "resolved": "https://registry.npmjs.org/neo4j-driver/-/neo4j-driver-4.0.2.tgz",
      "integrity": "sha512-xQN4BZZsweaNNac7FDYAV6f/JybghwY3lk4fwblS8V5KQ+DBMPe4Pthh672mp+wEYZGyzPalq5CfpcBrWaZ4Gw==",
      "requires": {
        "@babel/runtime": "^7.5.5",
        "rxjs": "^6.5.2",
        "text-encoding-utf-8": "^1.0.2",
        "uri-js": "^4.2.2"
      }
    },
    "punycode": {
      "version": "2.1.1",
      "resolved": "https://registry.npmjs.org/punycode/-/punycode-2.1.1.tgz",
      "integrity": "sha512-XRsRjdf+j5ml+y/6GKHPZbrF/8p2Yga0JPtdqTIY2Xe5ohJPD9saDJJLPvp9+NSBprVvevdXZybnj2cv8OEd0A=="
    },
    "regenerator-runtime": {
      "version": "0.13.5",
      "resolved": "https://registry.npmjs.org/regenerator-runtime/-/regenerator-runtime-0.13.5.tgz",
      "integrity": "sha512-ZS5w8CpKFinUzOwW3c83oPeVXoNsrLsaCoLtJvAClH135j/R77RuymhiSErhm2lKcwSCIpmvIWSbDkIfAqKQlA=="
    },
    "rxjs": {
      "version": "6.5.5",
      "resolved": "https://registry.npmjs.org/rxjs/-/rxjs-6.5.5.tgz",
      "integrity": "sha512-WfQI+1gohdf0Dai/Bbmk5L5ItH5tYqm3ki2c5GdWhKjalzjg93N3avFjVStyZZz+A2Em+ZxKH5bNghw9UeylGQ==",
      "requires": {
        "tslib": "^1.9.0"
      }
    },
    "text-encoding-utf-8": {
      "version": "1.0.2",
      "resolved": "https://registry.npmjs.org/text-encoding-utf-8/-/text-encoding-utf-8-1.0.2.tgz",
      "integrity": "sha512-8bw4MY9WjdsD2aMtO0OzOCY3pXGYNx2d2FfHRVUKkiCPDWjKuOlhLVASS+pD7VkLTVjW268LYJHwsnPFlBpbAg=="
    },
    "tslib": {
      "version": "1.13.0",
      "resolved": "https://registry.npmjs.org/tslib/-/tslib-1.13.0.tgz",
      "integrity": "sha512-i/6DQjL8Xf3be4K/E6Wgpekn5Qasl1usyw++dAA35Ue5orEn65VIxOA+YvNNl9HV3qv70T7CNwjODHZrLwvd1Q=="
    },
    "uri-js": {
      "version": "4.2.2",
      "resolved": "https://registry.npmjs.org/uri-js/-/uri-js-4.2.2.tgz",
      "integrity": "sha512-KY9Frmirql91X2Qgjry0Wd4Y+YTdrdZheS8TFwvkbLWf/G5KNJDCh6pKL5OZctEW4+0Baa5idK2ZQuELRwPznQ==",
      "requires": {
        "punycode": "^2.1.0"
      }
    }
  }
}
